
Microsoft Visual Studio Solution File, Format Version 12.00
# Visual Studio 14
VisualStudioVersion = 14.0.25420.1
MinimumVisualStudioVersion = 10.0.40219.1
Project("{FAE04EC0-301F-11D3-BF4B-00C04F79EFBC}") = "TestAzureWebSite", "TestAzureWebSite\TestAzureWebSite.csproj", "{9194797F-916D-4000-B3F1-538C4BEB2D27}"
EndProject
Global
	GlobalSection(SolutionConfigurationPlatforms) = preSolution
		Debug|Any CPU = Debug|Any CPU
		Release|Any CPU = Release|Any CPU
	EndGlobalSection
	GlobalSection(ProjectConfigurationPlatforms) = postSolution
		{9194797F-916D-4000-B3F1-538C4BEB2D27}.Debug|Any CPU.ActiveCfg = Debug|Any CPU
		{9194797F-916D-4000-B3F1-538C4BEB2D27}.Debug|Any CPU.Build.0 = Debug|Any CPU
		{9194797F-916D-4000-B3F1-538C4BEB2D27}.Release|Any CPU.ActiveCfg = Release|Any CPU
		{9194797F-916D-4000-B3F1-538C4BEB2D27}.Release|Any CPU.Build.0 = Release|Any CPU
	EndGlobalSection
	GlobalSection(SolutionProperties) = preSolution
		HideSolutionNode = FALSE
	EndGlobalSection
EndGlobal
